
Microsoft Visual Studio Solution File, Format Version 12.00
# Visual Studio Express 2012 for Windows Desktop
Project("{FAE04EC0-301F-11D3-BF4B-00C04F79EFBC}") = "Inscriptions", "Inscriptions.csproj", "{CCB82D2D-377D-4C56-8DB9-51C0BED98179}"
EndProject
Project("{FAE04EC0-301F-11D3-BF4B-00C04F79EFBC}") = "extractions", "..\extractions\extractions.csproj", "{476D2E7A-0C1B-403A-918C-0AC6DB8F71D9}"
EndProject
Project("{FAE04EC0-301F-11D3-BF4B-00C04F79EFBC}") = "Moodle", "Moodle\Moodle.csproj", "{DD5146A2-862E-4D46-9CB7-128AAC54ACC0}"
EndProject
Project("{FAE04EC0-301F-11D3-BF4B-00C04F79EFBC}") = "playground", "..\playground\playground.csproj", "{88C91452-86BD-42CB-A844-253E82730BAF}"
EndProject
Project("{FAE04EC0-301F-11D3-BF4B-00C04F79EFBC}") = "OpenLDAP", "..\OpenLDAP\OpenLDAP.csproj", "{270F03B1-3BBB-42FA-AC14-3FF9A463D709}"
EndProject
Global
	GlobalSection(SolutionConfigurationPlatforms) = preSolution
		Debug|Any CPU = Debug|Any CPU
		Release|Any CPU = Release|Any CPU
	EndGlobalSection
	GlobalSection(ProjectConfigurationPlatforms) = postSolution
		{CCB82D2D-377D-4C56-8DB9-51C0BED98179}.Debug|Any CPU.ActiveCfg = Debug|Any CPU
		{CCB82D2D-377D-4C56-8DB9-51C0BED98179}.Debug|Any CPU.Build.0 = Debug|Any CPU
		{CCB82D2D-377D-4C56-8DB9-51C0BED98179}.Release|Any CPU.ActiveCfg = Release|Any CPU
		{CCB82D2D-377D-4C56-8DB9-51C0BED98179}.Release|Any CPU.Build.0 = Release|Any CPU
		{476D2E7A-0C1B-403A-918C-0AC6DB8F71D9}.Debug|Any CPU.ActiveCfg = Debug|Any CPU
		{476D2E7A-0C1B-403A-918C-0AC6DB8F71D9}.Debug|Any CPU.Build.0 = Debug|Any CPU
		{476D2E7A-0C1B-403A-918C-0AC6DB8F71D9}.Release|Any CPU.ActiveCfg = Release|Any CPU
		{476D2E7A-0C1B-403A-918C-0AC6DB8F71D9}.Release|Any CPU.Build.0 = Release|Any CPU
		{DD5146A2-862E-4D46-9CB7-128AAC54ACC0}.Debug|Any CPU.ActiveCfg = Debug|Any CPU
		{DD5146A2-862E-4D46-9CB7-128AAC54ACC0}.Debug|Any CPU.Build.0 = Debug|Any CPU
		{DD5146A2-862E-4D46-9CB7-128AAC54ACC0}.Release|Any CPU.ActiveCfg = Release|Any CPU
		{DD5146A2-862E-4D46-9CB7-128AAC54ACC0}.Release|Any CPU.Build.0 = Release|Any CPU
		{88C91452-86BD-42CB-A844-253E82730BAF}.Debug|Any CPU.ActiveCfg = Debug|Any CPU
		{88C91452-86BD-42CB-A844-253E82730BAF}.Debug|Any CPU.Build.0 = Debug|Any CPU
		{88C91452-86BD-42CB-A844-253E82730BAF}.Release|Any CPU.ActiveCfg = Release|Any CPU
		{88C91452-86BD-42CB-A844-253E82730BAF}.Release|Any CPU.Build.0 = Release|Any CPU
		{270F03B1-3BBB-42FA-AC14-3FF9A463D709}.Debug|Any CPU.ActiveCfg = Debug|Any CPU
		{270F03B1-3BBB-42FA-AC14-3FF9A463D709}.Debug|Any CPU.Build.0 = Debug|Any CPU
		{270F03B1-3BBB-42FA-AC14-3FF9A463D709}.Release|Any CPU.ActiveCfg = Release|Any CPU
		{270F03B1-3BBB-42FA-AC14-3FF9A463D709}.Release|Any CPU.Build.0 = Release|Any CPU
	EndGlobalSection
	GlobalSection(SolutionProperties) = preSolution
		HideSolutionNode = FALSE
	EndGlobalSection
EndGlobal
